
Microsoft Visual Studio Solution File, Format Version 12.00
# Visual Studio Version 17
VisualStudioVersion = 17.11.35208.52
MinimumVisualStudioVersion = 10.0.40219.1
Project("{FAE04EC0-301F-11D3-BF4B-00C04F79EFBC}") = "ConsoleApp11", "ConsoleApp11\ConsoleApp11.csproj", "{7ABA871F-548C-4081-B902-887ED574EE2E}"
EndProject
Global
	GlobalSection(SolutionConfigurationPlatforms) = preSolution
		Debug|Any CPU = Debug|Any CPU
		Release|Any CPU = Release|Any CPU
	EndGlobalSection
	GlobalSection(ProjectConfigurationPlatforms) = postSolution
		{7ABA871F-548C-4081-B902-887ED574EE2E}.Debug|Any CPU.ActiveCfg = Debug|Any CPU
		{7ABA871F-548C-4081-B902-887ED574EE2E}.Debug|Any CPU.Build.0 = Debug|Any CPU
		{7ABA871F-548C-4081-B902-887ED574EE2E}.Release|Any CPU.ActiveCfg = Release|Any CPU
		{7ABA871F-548C-4081-B902-887ED574EE2E}.Release|Any CPU.Build.0 = Release|Any CPU
	EndGlobalSection
	GlobalSection(SolutionProperties) = preSolution
		HideSolutionNode = FALSE
	EndGlobalSection
	GlobalSection(ExtensibilityGlobals) = postSolution
		SolutionGuid = {30480C6C-C787-4527-A1B6-F0E32F9A67B2}
	EndGlobalSection
EndGlobal
